
Microsoft Visual Studio Solution File, Format Version 12.00
# Visual Studio Version 17
VisualStudioVersion = 17.0.32112.339
MinimumVisualStudioVersion = 10.0.40219.1
Project("{2150E333-8FDC-42A3-9474-1A3956D46DE8}") = "Services", "Services", "{2C6B421D-7CDA-412B-B02A-1AFFDC711F35}"
EndProject
Project("{2150E333-8FDC-42A3-9474-1A3956D46DE8}") = "Catalog", "Catalog", "{0C6DF672-1847-496B-8EF4-2C69D9B34293}"
EndProject
Project("{9A19103F-16F7-4668-BE54-9A1E7A4F7556}") = "Catalog.API", "Catalog.API\Catalog.API.csproj", "{19664889-B427-4E31-AD52-CC0D6C06DCE8}"
EndProject
Project("{E53339B2-1760-4266-BCC7-CA923CBCF16C}") = "docker-compose", "docker-compose.dcproj", "{90B084BD-7FFE-473B-AB4B-F3539BF68105}"
EndProject
Project("{2150E333-8FDC-42A3-9474-1A3956D46DE8}") = "Basket", "Basket", "{F45EB96C-8746-46F8-A733-284E8F63FF54}"
EndProject
Project("{9A19103F-16F7-4668-BE54-9A1E7A4F7556}") = "Basket.API", "Basket.API\Basket.API.csproj", "{DBD06738-8C4C-41BD-9226-744DD6ACFB21}"
EndProject
Project("{2150E333-8FDC-42A3-9474-1A3956D46DE8}") = "Discount", "Discount", "{944CEF79-B8B6-483E-99FB-47AB21034A5F}"
EndProject
Project("{9A19103F-16F7-4668-BE54-9A1E7A4F7556}") = "Discount.API", "Discount.API\Discount.API.csproj", "{2860B94C-1F9A-4D3C-9DF2-E1B1F4F3774E}"
EndProject
Project("{9A19103F-16F7-4668-BE54-9A1E7A4F7556}") = "Discount.Grpc", "Discount.Grpc\Discount.Grpc.csproj", "{8E570F63-0E74-403E-899D-EF310CD5999E}"
EndProject
Project("{2150E333-8FDC-42A3-9474-1A3956D46DE8}") = "Ordering", "Ordering", "{94465AF0-95E0-47F3-8553-4966DC47B605}"
EndProject
Project("{9A19103F-16F7-4668-BE54-9A1E7A4F7556}") = "Ordering.Domain", "Ordering.Domain\Ordering.Domain.csproj", "{709563E2-D201-49E3-9BE2-0507250F5E55}"
EndProject
Project("{9A19103F-16F7-4668-BE54-9A1E7A4F7556}") = "Ordering.Application", "Ordering.Application\Ordering.Application.csproj", "{52213AE3-1C40-4B93-80E2-20EA36D6EA2C}"
EndProject
Project("{9A19103F-16F7-4668-BE54-9A1E7A4F7556}") = "Ordering.Infastructure", "Ordering.Infastructure\Ordering.Infastructure.csproj", "{2641A957-8F49-47C0-8D54-4EAA674EBFAA}"
EndProject
Project("{9A19103F-16F7-4668-BE54-9A1E7A4F7556}") = "Ordering.API", "Ordering.API\Ordering.API.csproj", "{461F6BF5-D004-4A8B-ACB4-6A184D78A10B}"
EndProject
Project("{2150E333-8FDC-42A3-9474-1A3956D46DE8}") = "BuildingBlocks", "BuildingBlocks", "{25718A95-5031-4CC5-AB99-E2CD5598A90D}"
EndProject
Project("{9A19103F-16F7-4668-BE54-9A1E7A4F7556}") = "EventBus.Messages", "EventBus.Messages\EventBus.Messages.csproj", "{B763E07B-0F23-4907-9697-42455926D576}"
EndProject
Project("{2150E333-8FDC-42A3-9474-1A3956D46DE8}") = "ApiGateways", "ApiGateways", "{D86053FF-D47B-475E-9B76-B04778508C3B}"
EndProject
Project("{9A19103F-16F7-4668-BE54-9A1E7A4F7556}") = "OcelotApiGw", "OcelotApiGw\OcelotApiGw.csproj", "{D903CA5A-5850-4335-8230-B51C04E6E1FD}"
EndProject
Project("{9A19103F-16F7-4668-BE54-9A1E7A4F7556}") = "Shopping.Aggregator", "Shopping.Aggregator\Shopping.Aggregator.csproj", "{653620C9-0955-4E26-B048-A2D9EDCA05BE}"
EndProject
Project("{2150E333-8FDC-42A3-9474-1A3956D46DE8}") = "WebApps", "WebApps", "{6B8E1E7E-99BD-4F88-A15F-4A46908457AD}"
EndProject
Project("{9A19103F-16F7-4668-BE54-9A1E7A4F7556}") = "AspnetRunBasics", "AspnetRunBasics\AspnetRunBasics.csproj", "{DFBC8143-E50B-40AC-BC0D-4C8E3D2A34EB}"
EndProject
Global
	GlobalSection(SolutionConfigurationPlatforms) = preSolution
		Debug|Any CPU = Debug|Any CPU
		Release|Any CPU = Release|Any CPU
	EndGlobalSection
	GlobalSection(ProjectConfigurationPlatforms) = postSolution
		{19664889-B427-4E31-AD52-CC0D6C06DCE8}.Debug|Any CPU.ActiveCfg = Debug|Any CPU
		{19664889-B427-4E31-AD52-CC0D6C06DCE8}.Debug|Any CPU.Build.0 = Debug|Any CPU
		{19664889-B427-4E31-AD52-CC0D6C06DCE8}.Release|Any CPU.ActiveCfg = Release|Any CPU
		{19664889-B427-4E31-AD52-CC0D6C06DCE8}.Release|Any CPU.Build.0 = Release|Any CPU
		{90B084BD-7FFE-473B-AB4B-F3539BF68105}.Debug|Any CPU.ActiveCfg = Debug|Any CPU
		{90B084BD-7FFE-473B-AB4B-F3539BF68105}.Debug|Any CPU.Build.0 = Debug|Any CPU
		{90B084BD-7FFE-473B-AB4B-F3539BF68105}.Release|Any CPU.ActiveCfg = Release|Any CPU
		{90B084BD-7FFE-473B-AB4B-F3539BF68105}.Release|Any CPU.Build.0 = Release|Any CPU
		{DBD06738-8C4C-41BD-9226-744DD6ACFB21}.Debug|Any CPU.ActiveCfg = Debug|Any CPU
		{DBD06738-8C4C-41BD-9226-744DD6ACFB21}.Debug|Any CPU.Build.0 = Debug|Any CPU
		{DBD06738-8C4C-41BD-9226-744DD6ACFB21}.Release|Any CPU.ActiveCfg = Release|Any CPU
		{DBD06738-8C4C-41BD-9226-744DD6ACFB21}.Release|Any CPU.Build.0 = Release|Any CPU
		{2860B94C-1F9A-4D3C-9DF2-E1B1F4F3774E}.Debug|Any CPU.ActiveCfg = Debug|Any CPU
		{2860B94C-1F9A-4D3C-9DF2-E1B1F4F3774E}.Debug|Any CPU.Build.0 = Debug|Any CPU
		{2860B94C-1F9A-4D3C-9DF2-E1B1F4F3774E}.Release|Any CPU.ActiveCfg = Release|Any CPU
		{2860B94C-1F9A-4D3C-9DF2-E1B1F4F3774E}.Release|Any CPU.Build.0 = Release|Any CPU
		{8E570F63-0E74-403E-899D-EF310CD5999E}.Debug|Any CPU.ActiveCfg = Debug|Any CPU
		{8E570F63-0E74-403E-899D-EF310CD5999E}.Debug|Any CPU.Build.0 = Debug|Any CPU
		{8E570F63-0E74-403E-899D-EF310CD5999E}.Release|Any CPU.ActiveCfg = Release|Any CPU
		{8E570F63-0E74-403E-899D-EF310CD5999E}.Release|Any CPU.Build.0 = Release|Any CPU
		{709563E2-D201-49E3-9BE2-0507250F5E55}.Debug|Any CPU.ActiveCfg = Debug|Any CPU
		{709563E2-D201-49E3-9BE2-0507250F5E55}.Debug|Any CPU.Build.0 = Debug|Any CPU
		{709563E2-D201-49E3-9BE2-0507250F5E55}.Release|Any CPU.ActiveCfg = Release|Any CPU
		{709563E2-D201-49E3-9BE2-0507250F5E55}.Release|Any CPU.Build.0 = Release|Any CPU
		{52213AE3-1C40-4B93-80E2-20EA36D6EA2C}.Debug|Any CPU.ActiveCfg = Debug|Any CPU
		{52213AE3-1C40-4B93-80E2-20EA36D6EA2C}.Debug|Any CPU.Build.0 = Debug|Any CPU
		{52213AE3-1C40-4B93-80E2-20EA36D6EA2C}.Release|Any CPU.ActiveCfg = Release|Any CPU
		{52213AE3-1C40-4B93-80E2-20EA36D6EA2C}.Release|Any CPU.Build.0 = Release|Any CPU
		{2641A957-8F49-47C0-8D54-4EAA674EBFAA}.Debug|Any CPU.ActiveCfg = Debug|Any CPU
		{2641A957-8F49-47C0-8D54-4EAA674EBFAA}.Debug|Any CPU.Build.0 = Debug|Any CPU
		{2641A957-8F49-47C0-8D54-4EAA674EBFAA}.Release|Any CPU.ActiveCfg = Release|Any CPU
		{2641A957-8F49-47C0-8D54-4EAA674EBFAA}.Release|Any CPU.Build.0 = Release|Any CPU
		{461F6BF5-D004-4A8B-ACB4-6A184D78A10B}.Debug|Any CPU.ActiveCfg = Debug|Any CPU
		{461F6BF5-D004-4A8B-ACB4-6A184D78A10B}.Debug|Any CPU.Build.0 = Debug|Any CPU
		{461F6BF5-D004-4A8B-ACB4-6A184D78A10B}.Release|Any CPU.ActiveCfg = Release|Any CPU
		{461F6BF5-D004-4A8B-ACB4-6A184D78A10B}.Release|Any CPU.Build.0 = Release|Any CPU
		{B763E07B-0F23-4907-9697-42455926D576}.Debug|Any CPU.ActiveCfg = Debug|Any CPU
		{B763E07B-0F23-4907-9697-42455926D576}.Debug|Any CPU.Build.0 = Debug|Any CPU
		{B763E07B-0F23-4907-9697-42455926D576}.Release|Any CPU.ActiveCfg = Release|Any CPU
		{B763E07B-0F23-4907-9697-42455926D576}.Release|Any CPU.Build.0 = Release|Any CPU
		{D903CA5A-5850-4335-8230-B51C04E6E1FD}.Debug|Any CPU.ActiveCfg = Debug|Any CPU
		{D903CA5A-5850-4335-8230-B51C04E6E1FD}.Debug|Any CPU.Build.0 = Debug|Any CPU
		{D903CA5A-5850-4335-8230-B51C04E6E1FD}.Release|Any CPU.ActiveCfg = Release|Any CPU
		{D903CA5A-5850-4335-8230-B51C04E6E1FD}.Release|Any CPU.Build.0 = Release|Any CPU
		{653620C9-0955-4E26-B048-A2D9EDCA05BE}.Debug|Any CPU.ActiveCfg = Debug|Any CPU
		{653620C9-0955-4E26-B048-A2D9EDCA05BE}.Debug|Any CPU.Build.0 = Debug|Any CPU
		{653620C9-0955-4E26-B048-A2D9EDCA05BE}.Release|Any CPU.ActiveCfg = Release|Any CPU
		{653620C9-0955-4E26-B048-A2D9EDCA05BE}.Release|Any CPU.Build.0 = Release|Any CPU
		{DFBC8143-E50B-40AC-BC0D-4C8E3D2A34EB}.Debug|Any CPU.ActiveCfg = Debug|Any CPU
		{DFBC8143-E50B-40AC-BC0D-4C8E3D2A34EB}.Debug|Any CPU.Build.0 = Debug|Any CPU
		{DFBC8143-E50B-40AC-BC0D-4C8E3D2A34EB}.Release|Any CPU.ActiveCfg = Release|Any CPU
		{DFBC8143-E50B-40AC-BC0D-4C8E3D2A34EB}.Release|Any CPU.Build.0 = Release|Any CPU
	EndGlobalSection
	GlobalSection(SolutionProperties) = preSolution
		HideSolutionNode = FALSE
	EndGlobalSection
	GlobalSection(NestedProjects) = preSolution
		{0C6DF672-1847-496B-8EF4-2C69D9B34293} = {2C6B421D-7CDA-412B-B02A-1AFFDC711F35}
		{19664889-B427-4E31-AD52-CC0D6C06DCE8} = {0C6DF672-1847-496B-8EF4-2C69D9B34293}
		{F45EB96C-8746-46F8-A733-284E8F63FF54} = {2C6B421D-7CDA-412B-B02A-1AFFDC711F35}
		{DBD06738-8C4C-41BD-9226-744DD6ACFB21} = {F45EB96C-8746-46F8-A733-284E8F63FF54}
		{944CEF79-B8B6-483E-99FB-47AB21034A5F} = {2C6B421D-7CDA-412B-B02A-1AFFDC711F35}
		{2860B94C-1F9A-4D3C-9DF2-E1B1F4F3774E} = {944CEF79-B8B6-483E-99FB-47AB21034A5F}
		{8E570F63-0E74-403E-899D-EF310CD5999E} = {944CEF79-B8B6-483E-99FB-47AB21034A5F}
		{94465AF0-95E0-47F3-8553-4966DC47B605} = {2C6B421D-7CDA-412B-B02A-1AFFDC711F35}
		{709563E2-D201-49E3-9BE2-0507250F5E55} = {94465AF0-95E0-47F3-8553-4966DC47B605}
		{52213AE3-1C40-4B93-80E2-20EA36D6EA2C} = {94465AF0-95E0-47F3-8553-4966DC47B605}
		{2641A957-8F49-47C0-8D54-4EAA674EBFAA} = {94465AF0-95E0-47F3-8553-4966DC47B605}
		{461F6BF5-D004-4A8B-ACB4-6A184D78A10B} = {94465AF0-95E0-47F3-8553-4966DC47B605}
		{B763E07B-0F23-4907-9697-42455926D576} = {25718A95-5031-4CC5-AB99-E2CD5598A90D}
		{D903CA5A-5850-4335-8230-B51C04E6E1FD} = {D86053FF-D47B-475E-9B76-B04778508C3B}
		{653620C9-0955-4E26-B048-A2D9EDCA05BE} = {D86053FF-D47B-475E-9B76-B04778508C3B}
		{DFBC8143-E50B-40AC-BC0D-4C8E3D2A34EB} = {6B8E1E7E-99BD-4F88-A15F-4A46908457AD}
	EndGlobalSection
	GlobalSection(ExtensibilityGlobals) = postSolution
		SolutionGuid = {7AEF7547-85A2-4B9A-B9B8-D6A8C8CCBA88}
	EndGlobalSection
EndGlobal
